// !$*UTF8*$!
{
	archiveVersion = 1;
	classes = {
	};
	objectVersion = 46;
	objects = {

/* Begin PBXBuildFile section */
		07C970C517C211E200D8AF3B /* Foundation.framework in Frameworks */ = {isa = PBXBuildFile; fileRef = 07C970C417C211E200D8AF3B /* Foundation.framework */; };
		07C970D417C211E200D8AF3B /* SenTestingKit.framework in Frameworks */ = {isa = PBXBuildFile; fileRef = 07C970D317C211E200D8AF3B /* SenTestingKit.framework */; };
		07C970D717C211E200D8AF3B /* Foundation.framework in Frameworks */ = {isa = PBXBuildFile; fileRef = 07C970C417C211E200D8AF3B /* Foundation.framework */; };
		07C970DA17C211E200D8AF3B /* libUIWebViewAuthentication.a in Frameworks */ = {isa = PBXBuildFile; fileRef = 07C970C117C211E200D8AF3B /* libUIWebViewAuthentication.a */; };
		07C970E317C211E200D8AF3B /* UIWebViewAuthenticationTests.m in Sources */ = {isa = PBXBuildFile; fileRef = 07C970E217C211E200D8AF3B /* UIWebViewAuthenticationTests.m */; };
		07C970EF17C2126400D8AF3B /* libz.dylib in Frameworks */ = {isa = PBXBuildFile; fileRef = 07C970EE17C2126400D8AF3B /* libz.dylib */; };
		07C970F117C2126A00D8AF3B /* CFNetwork.framework in Frameworks */ = {isa = PBXBuildFile; fileRef = 07C970F017C2126A00D8AF3B /* CFNetwork.framework */; };
		07C970F417C2135700D8AF3B /* UWAInjector.m in Sources */ = {isa = PBXBuildFile; fileRef = 07C970F317C2135700D8AF3B /* UWAInjector.m */; };
		07C9710617C2162600D8AF3B /* UIKit.framework in Frameworks */ = {isa = PBXBuildFile; fileRef = 07C9710517C2162600D8AF3B /* UIKit.framework */; };
		07C9710717C2162600D8AF3B /* Foundation.framework in Frameworks */ = {isa = PBXBuildFile; fileRef = 07C970C417C211E200D8AF3B /* Foundation.framework */; };
		07C9710917C2162600D8AF3B /* CoreGraphics.framework in Frameworks */ = {isa = PBXBuildFile; fileRef = 07C9710817C2162600D8AF3B /* CoreGraphics.framework */; };
		07C9711117C2162600D8AF3B /* main.m in Sources */ = {isa = PBXBuildFile; fileRef = 07C9711017C2162600D8AF3B /* main.m */; };
		07C9711517C2162600D8AF3B /* AppDelegate.m in Sources */ = {isa = PBXBuildFile; fileRef = 07C9711417C2162600D8AF3B /* AppDelegate.m */; };
		07C9711717C2162600D8AF3B /* Default.png in Resources */ = {isa = PBXBuildFile; fileRef = 07C9711617C2162600D8AF3B /* Default.png */; };
		07C9711917C2162600D8AF3B /* Default@2x.png in Resources */ = {isa = PBXBuildFile; fileRef = 07C9711817C2162600D8AF3B /* Default@2x.png */; };
		07C9711B17C2162600D8AF3B /* Default-568h@2x.png in Resources */ = {isa = PBXBuildFile; fileRef = 07C9711A17C2162600D8AF3B /* Default-568h@2x.png */; };
		07C9712117C2164500D8AF3B /* CFNetwork.framework in Frameworks */ = {isa = PBXBuildFile; fileRef = 07C970F017C2126A00D8AF3B /* CFNetwork.framework */; };
		07C9712217C2164500D8AF3B /* libz.dylib in Frameworks */ = {isa = PBXBuildFile; fileRef = 07C970EE17C2126400D8AF3B /* libz.dylib */; };
		07C9712517C2184200D8AF3B /* UWAInjector.m in Sources */ = {isa = PBXBuildFile; fileRef = 07C970F317C2135700D8AF3B /* UWAInjector.m */; };
		07C9712C17C21CB800D8AF3B /* RootViewController.m in Sources */ = {isa = PBXBuildFile; fileRef = 07C9712A17C21CB800D8AF3B /* RootViewController.m */; };
		07C9712D17C21CB800D8AF3B /* RootViewController.xib in Resources */ = {isa = PBXBuildFile; fileRef = 07C9712B17C21CB800D8AF3B /* RootViewController.xib */; };
		07C9713F17C22B7200D8AF3B /* Localizable.strings in Resources */ = {isa = PBXBuildFile; fileRef = 07C9714117C22B7200D8AF3B /* Localizable.strings */; };
		07C9714B17C22DCB00D8AF3B /* NSData+Compress.m in Sources */ = {isa = PBXBuildFile; fileRef = 07C9714517C22DCB00D8AF3B /* NSData+Compress.m */; };
		07C9714C17C22DCB00D8AF3B /* NSData+Compress.m in Sources */ = {isa = PBXBuildFile; fileRef = 07C9714517C22DCB00D8AF3B /* NSData+Compress.m */; };
		07C9714D17C22DCB00D8AF3B /* SGHTTPAuthenticationChallenge.m in Sources */ = {isa = PBXBuildFile; fileRef = 07C9714717C22DCB00D8AF3B /* SGHTTPAuthenticationChallenge.m */; };
		07C9714E17C22DCB00D8AF3B /* SGHTTPAuthenticationChallenge.m in Sources */ = {isa = PBXBuildFile; fileRef = 07C9714717C22DCB00D8AF3B /* SGHTTPAuthenticationChallenge.m */; };
		07C9714F17C22DCB00D8AF3B /* SGHTTPURLProtocol.m in Sources */ = {isa = PBXBuildFile; fileRef = 07C9714917C22DCB00D8AF3B /* SGHTTPURLProtocol.m */; };
		07C9715017C22DCB00D8AF3B /* SGHTTPURLProtocol.m in Sources */ = {isa = PBXBuildFile; fileRef = 07C9714917C22DCB00D8AF3B /* SGHTTPURLProtocol.m */; };
		07C9718417C2384700D8AF3B /* UIKit.framework in Frameworks */ = {isa = PBXBuildFile; fileRef = 07C9710517C2162600D8AF3B /* UIKit.framework */; };
		07C9718517C238CE00D8AF3B /* CFNetwork.framework in Frameworks */ = {isa = PBXBuildFile; fileRef = 07C970F017C2126A00D8AF3B /* CFNetwork.framework */; };
		07C9718617C238DD00D8AF3B /* UIKit.framework in Frameworks */ = {isa = PBXBuildFile; fileRef = 07C9710517C2162600D8AF3B /* UIKit.framework */; };
/* End PBXBuildFile section */

/* Begin PBXContainerItemProxy section */
		07C970D817C211E200D8AF3B /* PBXContainerItemProxy */ = {
			isa = PBXContainerItemProxy;
			containerPortal = 07C970B917C211E200D8AF3B /* Project object */;
			proxyType = 1;
			remoteGlobalIDString = 07C970C017C211E200D8AF3B;
			remoteInfo = UIWebViewAuthentication;
		};
/* End PBXContainerItemProxy section */

/* Begin PBXCopyFilesBuildPhase section */
		07C970BF17C211E200D8AF3B /* CopyFiles */ = {
			isa = PBXCopyFilesBuildPhase;
			buildActionMask = 2147483647;
			dstPath = "include/${PRODUCT_NAME}";
			dstSubfolderSpec = 16;
			files = (
			);
			runOnlyForDeploymentPostprocessing = 0;
		};
/* End PBXCopyFilesBuildPhase section */

/* Begin PBXFileReference section */
		07C970C117C211E200D8AF3B /* libUIWebViewAuthentication.a */ = {isa = PBXFileReference; explicitFileType = archive.ar; includeInIndex = 0; path = libUIWebViewAuthentication.a; sourceTree = BUILT_PRODUCTS_DIR; };
		07C970C417C211E200D8AF3B /* Foundation.framework */ = {isa = PBXFileReference; lastKnownFileType = wrapper.framework; name = Foundation.framework; path = System/Library/Frameworks/Foundation.framework; sourceTree = SDKROOT; };
		07C970C817C211E200D8AF3B /* UIWebViewAuthentication-Prefix.pch */ = {isa = PBXFileReference; lastKnownFileType = sourcecode.c.h; path = "UIWebViewAuthentication-Prefix.pch"; sourceTree = "<group>"; };
		07C970D217C211E200D8AF3B /* UIWebViewAuthenticationTests.octest */ = {isa = PBXFileReference; explicitFileType = wrapper.cfbundle; includeInIndex = 0; path = UIWebViewAuthenticationTests.octest; sourceTree = BUILT_PRODUCTS_DIR; };
		07C970D317C211E200D8AF3B /* SenTestingKit.framework */ = {isa = PBXFileReference; lastKnownFileType = wrapper.framework; name = SenTestingKit.framework; path = Library/Frameworks/SenTestingKit.framework; sourceTree = DEVELOPER_DIR; };
		07C970DD17C211E200D8AF3B /* UIWebViewAuthenticationTests-Info.plist */ = {isa = PBXFileReference; lastKnownFileType = text.plist.xml; path = "UIWebViewAuthenticationTests-Info.plist"; sourceTree = "<group>"; };
		07C970E217C211E200D8AF3B /* UIWebViewAuthenticationTests.m */ = {isa = PBXFileReference; lastKnownFileType = sourcecode.c.objc; path = UIWebViewAuthenticationTests.m; sourceTree = "<group>"; };
		07C970EE17C2126400D8AF3B /* libz.dylib */ = {isa = PBXFileReference; lastKnownFileType = "compiled.mach-o.dylib"; name = libz.dylib; path = usr/lib/libz.dylib; sourceTree = SDKROOT; };
		07C970F017C2126A00D8AF3B /* CFNetwork.framework */ = {isa = PBXFileReference; lastKnownFileType = wrapper.framework; name = CFNetwork.framework; path = System/Library/Frameworks/CFNetwork.framework; sourceTree = SDKROOT; };
		07C970F217C2135700D8AF3B /* UWAInjector.h */ = {isa = PBXFileReference; fileEncoding = 4; lastKnownFileType = sourcecode.c.h; path = UWAInjector.h; sourceTree = "<group>"; };
		07C970F317C2135700D8AF3B /* UWAInjector.m */ = {isa = PBXFileReference; fileEncoding = 4; lastKnownFileType = sourcecode.c.objc; path = UWAInjector.m; sourceTree = "<group>"; };
		07C9710417C2162600D8AF3B /* Example.app */ = {isa = PBXFileReference; explicitFileType = wrapper.application; includeInIndex = 0; path = Example.app; sourceTree = BUILT_PRODUCTS_DIR; };
		07C9710517C2162600D8AF3B /* UIKit.framework */ = {isa = PBXFileReference; lastKnownFileType = wrapper.framework; name = UIKit.framework; path = System/Library/Frameworks/UIKit.framework; sourceTree = SDKROOT; };
		07C9710817C2162600D8AF3B /* CoreGraphics.framework */ = {isa = PBXFileReference; lastKnownFileType = wrapper.framework; name = CoreGraphics.framework; path = System/Library/Frameworks/CoreGraphics.framework; sourceTree = SDKROOT; };
		07C9710C17C2162600D8AF3B /* Example-Info.plist */ = {isa = PBXFileReference; lastKnownFileType = text.plist.xml; path = "Example-Info.plist"; sourceTree = "<group>"; };
		07C9711017C2162600D8AF3B /* main.m */ = {isa = PBXFileReference; lastKnownFileType = sourcecode.c.objc; path = main.m; sourceTree = "<group>"; };
		07C9711217C2162600D8AF3B /* Example-Prefix.pch */ = {isa = PBXFileReference; lastKnownFileType = sourcecode.c.h; path = "Example-Prefix.pch"; sourceTree = "<group>"; };
		07C9711317C2162600D8AF3B /* AppDelegate.h */ = {isa = PBXFileReference; lastKnownFileType = sourcecode.c.h; path = AppDelegate.h; sourceTree = "<group>"; };
		07C9711417C2162600D8AF3B /* AppDelegate.m */ = {isa = PBXFileReference; lastKnownFileType = sourcecode.c.objc; path = AppDelegate.m; sourceTree = "<group>"; };
		07C9711617C2162600D8AF3B /* Default.png */ = {isa = PBXFileReference; lastKnownFileType = image.png; path = Default.png; sourceTree = "<group>"; };
		07C9711817C2162600D8AF3B /* Default@2x.png */ = {isa = PBXFileReference; lastKnownFileType = image.png; path = "Default@2x.png"; sourceTree = "<group>"; };
		07C9711A17C2162600D8AF3B /* Default-568h@2x.png */ = {isa = PBXFileReference; lastKnownFileType = image.png; path = "Default-568h@2x.png"; sourceTree = "<group>"; };
		07C9712917C21CB800D8AF3B /* RootViewController.h */ = {isa = PBXFileReference; fileEncoding = 4; lastKnownFileType = sourcecode.c.h; path = RootViewController.h; sourceTree = "<group>"; };
		07C9712A17C21CB800D8AF3B /* RootViewController.m */ = {isa = PBXFileReference; fileEncoding = 4; lastKnownFileType = sourcecode.c.objc; path = RootViewController.m; sourceTree = "<group>"; };
		07C9712B17C21CB800D8AF3B /* RootViewController.xib */ = {isa = PBXFileReference; fileEncoding = 4; lastKnownFileType = file.xib; path = RootViewController.xib; sourceTree = "<group>"; };
		07C9714017C22B7200D8AF3B /* en */ = {isa = PBXFileReference; lastKnownFileType = file; name = en; path = en.lproj/Localizable.strings; sourceTree = "<group>"; };
		07C9714217C22B8200D8AF3B /* ja */ = {isa = PBXFileReference; fileEncoding = 10; lastKnownFileType = file; name = ja; path = ja.lproj/Localizable.strings; sourceTree = "<group>"; };
		07C9714417C22DCB00D8AF3B /* NSData+Compress.h */ = {isa = PBXFileReference; fileEncoding = 4; lastKnownFileType = sourcecode.c.h; path = "NSData+Compress.h"; sourceTree = "<group>"; };
		07C9714517C22DCB00D8AF3B /* NSData+Compress.m */ = {isa = PBXFileReference; fileEncoding = 4; lastKnownFileType = sourcecode.c.objc; path = "NSData+Compress.m"; sourceTree = "<group>"; };
		07C9714617C22DCB00D8AF3B /* SGHTTPAuthenticationChallenge.h */ = {isa = PBXFileReference; fileEncoding = 4; lastKnownFileType = sourcecode.c.h; path = SGHTTPAuthenticationChallenge.h; sourceTree = "<group>"; };
		07C9714717C22DCB00D8AF3B /* SGHTTPAuthenticationChallenge.m */ = {isa = PBXFileReference; fileEncoding = 4; lastKnownFileType = sourcecode.c.objc; path = SGHTTPAuthenticationChallenge.m; sourceTree = "<group>"; };
		07C9714817C22DCB00D8AF3B /* SGHTTPURLProtocol.h */ = {isa = PBXFileReference; fileEncoding = 4; lastKnownFileType = sourcecode.c.h; path = SGHTTPURLProtocol.h; sourceTree = "<group>"; };
		07C9714917C22DCB00D8AF3B /* SGHTTPURLProtocol.m */ = {isa = PBXFileReference; fileEncoding = 4; lastKnownFileType = sourcecode.c.objc; path = SGHTTPURLProtocol.m; sourceTree = "<group>"; };
		07C9714A17C22DCB00D8AF3B /* SGURLProtocol.h */ = {isa = PBXFileReference; fileEncoding = 4; lastKnownFileType = sourcecode.c.h; path = SGURLProtocol.h; sourceTree = "<group>"; };
/* End PBXFileReference section */

/* Begin PBXFrameworksBuildPhase section */
		07C970BE17C211E200D8AF3B /* Frameworks */ = {
			isa = PBXFrameworksBuildPhase;
			buildActionMask = 2147483647;
			files = (
				07C970F117C2126A00D8AF3B /* CFNetwork.framework in Frameworks */,
				07C970EF17C2126400D8AF3B /* libz.dylib in Frameworks */,
				07C970C517C211E200D8AF3B /* Foundation.framework in Frameworks */,
				07C9718417C2384700D8AF3B /* UIKit.framework in Frameworks */,
			);
			runOnlyForDeploymentPostprocessing = 0;
		};
		07C970CE17C211E200D8AF3B /* Frameworks */ = {
			isa = PBXFrameworksBuildPhase;
			buildActionMask = 2147483647;
			files = (
				07C9718517C238CE00D8AF3B /* CFNetwork.framework in Frameworks */,
				07C970D417C211E200D8AF3B /* SenTestingKit.framework in Frameworks */,
				07C970D717C211E200D8AF3B /* Foundation.framework in Frameworks */,
				07C9718617C238DD00D8AF3B /* UIKit.framework in Frameworks */,
				07C970DA17C211E200D8AF3B /* libUIWebViewAuthentication.a in Frameworks */,
			);
			runOnlyForDeploymentPostprocessing = 0;
		};
		07C9710117C2162600D8AF3B /* Frameworks */ = {
			isa = PBXFrameworksBuildPhase;
			buildActionMask = 2147483647;
			files = (
				07C9710617C2162600D8AF3B /* UIKit.framework in Frameworks */,
				07C9710717C2162600D8AF3B /* Foundation.framework in Frameworks */,
				07C9710917C2162600D8AF3B /* CoreGraphics.framework in Frameworks */,
				07C9712117C2164500D8AF3B /* CFNetwork.framework in Frameworks */,
				07C9712217C2164500D8AF3B /* libz.dylib in Frameworks */,
			);
			runOnlyForDeploymentPostprocessing = 0;
		};
/* End PBXFrameworksBuildPhase section */

/* Begin PBXGroup section */
		07C970B817C211E200D8AF3B = {
			isa = PBXGroup;
			children = (
				07C970C617C211E200D8AF3B /* UIWebViewAuthentication */,
				07C970DB17C211E200D8AF3B /* UIWebViewAuthenticationTests */,
				07C9710A17C2162600D8AF3B /* Example */,
				07C970C317C211E200D8AF3B /* Frameworks */,
				07C970C217C211E200D8AF3B /* Products */,
				07C9714317C22DCB00D8AF3B /* SGURLProtocol */,
			);
			sourceTree = "<group>";
		};
		07C970C217C211E200D8AF3B /* Products */ = {
			isa = PBXGroup;
			children = (
				07C970C117C211E200D8AF3B /* libUIWebViewAuthentication.a */,
				07C970D217C211E200D8AF3B /* UIWebViewAuthenticationTests.octest */,
				07C9710417C2162600D8AF3B /* Example.app */,
			);
			name = Products;
			sourceTree = "<group>";
		};
		07C970C317C211E200D8AF3B /* Frameworks */ = {
			isa = PBXGroup;
			children = (
				07C970F017C2126A00D8AF3B /* CFNetwork.framework */,
				07C970EE17C2126400D8AF3B /* libz.dylib */,
				07C970C417C211E200D8AF3B /* Foundation.framework */,
				07C970D317C211E200D8AF3B /* SenTestingKit.framework */,
				07C9710517C2162600D8AF3B /* UIKit.framework */,
				07C9710817C2162600D8AF3B /* CoreGraphics.framework */,
			);
			name = Frameworks;
			sourceTree = "<group>";
		};
		07C970C617C211E200D8AF3B /* UIWebViewAuthentication */ = {
			isa = PBXGroup;
			children = (
				07C970F217C2135700D8AF3B /* UWAInjector.h */,
				07C970F317C2135700D8AF3B /* UWAInjector.m */,
				07C970C717C211E200D8AF3B /* Supporting Files */,
			);
			path = UIWebViewAuthentication;
			sourceTree = "<group>";
		};
		07C970C717C211E200D8AF3B /* Supporting Files */ = {
			isa = PBXGroup;
			children = (
				07C970C817C211E200D8AF3B /* UIWebViewAuthentication-Prefix.pch */,
			);
			name = "Supporting Files";
			sourceTree = "<group>";
		};
		07C970DB17C211E200D8AF3B /* UIWebViewAuthenticationTests */ = {
			isa = PBXGroup;
			children = (
				07C970E217C211E200D8AF3B /* UIWebViewAuthenticationTests.m */,
				07C970DC17C211E200D8AF3B /* Supporting Files */,
			);
			path = UIWebViewAuthenticationTests;
			sourceTree = "<group>";
		};
		07C970DC17C211E200D8AF3B /* Supporting Files */ = {
			isa = PBXGroup;
			children = (
				07C970DD17C211E200D8AF3B /* UIWebViewAuthenticationTests-Info.plist */,
			);
			name = "Supporting Files";
			sourceTree = "<group>";
		};
		07C9710A17C2162600D8AF3B /* Example */ = {
			isa = PBXGroup;
			children = (
				07C9711317C2162600D8AF3B /* AppDelegate.h */,
				07C9711417C2162600D8AF3B /* AppDelegate.m */,
				07C9712917C21CB800D8AF3B /* RootViewController.h */,
				07C9712A17C21CB800D8AF3B /* RootViewController.m */,
				07C9712B17C21CB800D8AF3B /* RootViewController.xib */,
				07C9710B17C2162600D8AF3B /* Supporting Files */,
			);
			path = Example;
			sourceTree = "<group>";
		};
		07C9710B17C2162600D8AF3B /* Supporting Files */ = {
			isa = PBXGroup;
			children = (
				07C9710C17C2162600D8AF3B /* Example-Info.plist */,
				07C9711017C2162600D8AF3B /* main.m */,
				07C9711217C2162600D8AF3B /* Example-Prefix.pch */,
				07C9711617C2162600D8AF3B /* Default.png */,
				07C9711817C2162600D8AF3B /* Default@2x.png */,
				07C9711A17C2162600D8AF3B /* Default-568h@2x.png */,
				07C9714117C22B7200D8AF3B /* Localizable.strings */,
			);
			name = "Supporting Files";
			sourceTree = "<group>";
		};
		07C9714317C22DCB00D8AF3B /* SGURLProtocol */ = {
			isa = PBXGroup;
			children = (
				07C9714417C22DCB00D8AF3B /* NSData+Compress.h */,
				07C9714517C22DCB00D8AF3B /* NSData+Compress.m */,
				07C9714617C22DCB00D8AF3B /* SGHTTPAuthenticationChallenge.h */,
				07C9714717C22DCB00D8AF3B /* SGHTTPAuthenticationChallenge.m */,
				07C9714817C22DCB00D8AF3B /* SGHTTPURLProtocol.h */,
				07C9714917C22DCB00D8AF3B /* SGHTTPURLProtocol.m */,
				07C9714A17C22DCB00D8AF3B /* SGURLProtocol.h */,
			);
			name = SGURLProtocol;
			path = External/SGURLProtocol/SGURLProtocol;
			sourceTree = "<group>";
		};
/* End PBXGroup section */

/* Begin PBXNativeTarget section */
		07C970C017C211E200D8AF3B /* UIWebViewAuthentication */ = {
			isa = PBXNativeTarget;
			buildConfigurationList = 07C970E617C211E200D8AF3B /* Build configuration list for PBXNativeTarget "UIWebViewAuthentication" */;
			buildPhases = (
				07C970BD17C211E200D8AF3B /* Sources */,
				07C970BE17C211E200D8AF3B /* Frameworks */,
				07C970BF17C211E200D8AF3B /* CopyFiles */,
			);
			buildRules = (
			);
			dependencies = (
			);
			name = UIWebViewAuthentication;
			productName = UIWebViewAuthentication;
			productReference = 07C970C117C211E200D8AF3B /* libUIWebViewAuthentication.a */;
			productType = "com.apple.product-type.library.static";
		};
		07C970D117C211E200D8AF3B /* UIWebViewAuthenticationTests */ = {
			isa = PBXNativeTarget;
			buildConfigurationList = 07C970E917C211E200D8AF3B /* Build configuration list for PBXNativeTarget "UIWebViewAuthenticationTests" */;
			buildPhases = (
				07C970CD17C211E200D8AF3B /* Sources */,
				07C970CE17C211E200D8AF3B /* Frameworks */,
				07C970CF17C211E200D8AF3B /* Resources */,
				07C970D017C211E200D8AF3B /* ShellScript */,
			);
			buildRules = (
			);
			dependencies = (
				07C970D917C211E200D8AF3B /* PBXTargetDependency */,
			);
			name = UIWebViewAuthenticationTests;
			productName = UIWebViewAuthenticationTests;
			productReference = 07C970D217C211E200D8AF3B /* UIWebViewAuthenticationTests.octest */;
			productType = "com.apple.product-type.bundle";
		};
		07C9710317C2162600D8AF3B /* Example */ = {
			isa = PBXNativeTarget;
			buildConfigurationList = 07C9711C17C2162600D8AF3B /* Build configuration list for PBXNativeTarget "Example" */;
			buildPhases = (
				07C9710017C2162600D8AF3B /* Sources */,
				07C9710117C2162600D8AF3B /* Frameworks */,
				07C9710217C2162600D8AF3B /* Resources */,
			);
			buildRules = (
			);
			dependencies = (
			);
			name = Example;
			productName = Example;
			productReference = 07C9710417C2162600D8AF3B /* Example.app */;
			productType = "com.apple.product-type.application";
		};
/* End PBXNativeTarget section */

/* Begin PBXProject section */
		07C970B917C211E200D8AF3B /* Project object */ = {
			isa = PBXProject;
			attributes = {
				LastUpgradeCheck = 0460;
				ORGANIZATIONNAME = "Synapsesoft Inc.";
			};
			buildConfigurationList = 07C970BC17C211E200D8AF3B /* Build configuration list for PBXProject "UIWebViewAuthentication" */;
			compatibilityVersion = "Xcode 3.2";
			developmentRegion = English;
			hasScannedForEncodings = 0;
			knownRegions = (
				en,
				ja,
			);
			mainGroup = 07C970B817C211E200D8AF3B;
			productRefGroup = 07C970C217C211E200D8AF3B /* Products */;
			projectDirPath = "";
			projectRoot = "";
			targets = (
				07C9710317C2162600D8AF3B /* Example */,
				07C970C017C211E200D8AF3B /* UIWebViewAuthentication */,
				07C970D117C211E200D8AF3B /* UIWebViewAuthenticationTests */,
			);
		};
/* End PBXProject section */

/* Begin PBXResourcesBuildPhase section */
		07C970CF17C211E200D8AF3B /* Resources */ = {
			isa = PBXResourcesBuildPhase;
			buildActionMask = 2147483647;
			files = (
			);
			runOnlyForDeploymentPostprocessing = 0;
		};
		07C9710217C2162600D8AF3B /* Resources */ = {
			isa = PBXResourcesBuildPhase;
			buildActionMask = 2147483647;
			files = (
				07C9711717C2162600D8AF3B /* Default.png in Resources */,
				07C9711917C2162600D8AF3B /* Default@2x.png in Resources */,
				07C9711B17C2162600D8AF3B /* Default-568h@2x.png in Resources */,
				07C9712D17C21CB800D8AF3B /* RootViewController.xib in Resources */,
				07C9713F17C22B7200D8AF3B /* Localizable.strings in Resources */,
			);
			runOnlyForDeploymentPostprocessing = 0;
		};
/* End PBXResourcesBuildPhase section */

/* Begin PBXShellScriptBuildPhase section */
		07C970D017C211E200D8AF3B /* ShellScript */ = {
			isa = PBXShellScriptBuildPhase;
			buildActionMask = 2147483647;
			files = (
			);
			inputPaths = (
			);
			outputPaths = (
			);
			runOnlyForDeploymentPostprocessing = 0;
			shellPath = /bin/sh;
			shellScript = "# Run the unit tests in this test bundle.\n\"${SYSTEM_DEVELOPER_DIR}/Tools/RunUnitTests\"\n";
		};
/* End PBXShellScriptBuildPhase section */

/* Begin PBXSourcesBuildPhase section */
		07C970BD17C211E200D8AF3B /* Sources */ = {
			isa = PBXSourcesBuildPhase;
			buildActionMask = 2147483647;
			files = (
				07C970F417C2135700D8AF3B /* UWAInjector.m in Sources */,
				07C9714B17C22DCB00D8AF3B /* NSData+Compress.m in Sources */,
				07C9714D17C22DCB00D8AF3B /* SGHTTPAuthenticationChallenge.m in Sources */,
				07C9714F17C22DCB00D8AF3B /* SGHTTPURLProtocol.m in Sources */,
			);
			runOnlyForDeploymentPostprocessing = 0;
		};
		07C970CD17C211E200D8AF3B /* Sources */ = {
			isa = PBXSourcesBuildPhase;
			buildActionMask = 2147483647;
			files = (
				07C970E317C211E200D8AF3B /* UIWebViewAuthenticationTests.m in Sources */,
			);
			runOnlyForDeploymentPostprocessing = 0;
		};
		07C9710017C2162600D8AF3B /* Sources */ = {
			isa = PBXSourcesBuildPhase;
			buildActionMask = 2147483647;
			files = (
				07C9711117C2162600D8AF3B /* main.m in Sources */,
				07C9711517C2162600D8AF3B /* AppDelegate.m in Sources */,
				07C9712517C2184200D8AF3B /* UWAInjector.m in Sources */,
				07C9712C17C21CB800D8AF3B /* RootViewController.m in Sources */,
				07C9714C17C22DCB00D8AF3B /* NSData+Compress.m in Sources */,
				07C9714E17C22DCB00D8AF3B /* SGHTTPAuthenticationChallenge.m in Sources */,
				07C9715017C22DCB00D8AF3B /* SGHTTPURLProtocol.m in Sources */,
			);
			runOnlyForDeploymentPostprocessing = 0;
		};
/* End PBXSourcesBuildPhase section */

/* Begin PBXTargetDependency section */
		07C970D917C211E200D8AF3B /* PBXTargetDependency */ = {
			isa = PBXTargetDependency;
			target = 07C970C017C211E200D8AF3B /* UIWebViewAuthentication */;
			targetProxy = 07C970D817C211E200D8AF3B /* PBXContainerItemProxy */;
		};
/* End PBXTargetDependency section */

/* Begin PBXVariantGroup section */
		07C9714117C22B7200D8AF3B /* Localizable.strings */ = {
			isa = PBXVariantGroup;
			children = (
				07C9714017C22B7200D8AF3B /* en */,
				07C9714217C22B8200D8AF3B /* ja */,
			);
			name = Localizable.strings;
			sourceTree = "<group>";
		};
/* End PBXVariantGroup section */

/* Begin XCBuildConfiguration section */
		07C970E417C211E200D8AF3B /* Debug */ = {
			isa = XCBuildConfiguration;
			buildSettings = {
				ALWAYS_SEARCH_USER_PATHS = NO;
				CLANG_CXX_LANGUAGE_STANDARD = "gnu++0x";
				CLANG_CXX_LIBRARY = "libc++";
				CLANG_ENABLE_OBJC_ARC = YES;
				CLANG_WARN_CONSTANT_CONVERSION = YES;
				CLANG_WARN_EMPTY_BODY = YES;
				CLANG_WARN_ENUM_CONVERSION = YES;
				CLANG_WARN_INT_CONVERSION = YES;
				CLANG_WARN__DUPLICATE_METHOD_MATCH = YES;
				COPY_PHASE_STRIP = NO;
				GCC_C_LANGUAGE_STANDARD = gnu99;
				GCC_DYNAMIC_NO_PIC = NO;
				GCC_OPTIMIZATION_LEVEL = 0;
				GCC_PREPROCESSOR_DEFINITIONS = (
					"DEBUG=1",
					"$(inherited)",
				);
				GCC_SYMBOLS_PRIVATE_EXTERN = NO;
				GCC_WARN_ABOUT_RETURN_TYPE = YES;
				GCC_WARN_UNINITIALIZED_AUTOS = YES;
				GCC_WARN_UNUSED_VARIABLE = YES;
				IPHONEOS_DEPLOYMENT_TARGET = 5.0;
				ONLY_ACTIVE_ARCH = YES;
				SDKROOT = iphoneos;
			};
			name = Debug;
		};
		07C970E517C211E200D8AF3B /* Release */ = {
			isa = XCBuildConfiguration;
			buildSettings = {
				ALWAYS_SEARCH_USER_PATHS = NO;
				CLANG_CXX_LANGUAGE_STANDARD = "gnu++0x";
				CLANG_CXX_LIBRARY = "libc++";
				CLANG_ENABLE_OBJC_ARC = YES;
				CLANG_WARN_CONSTANT_CONVERSION = YES;
				CLANG_WARN_EMPTY_BODY = YES;
				CLANG_WARN_ENUM_CONVERSION = YES;
				CLANG_WARN_INT_CONVERSION = YES;
				CLANG_WARN__DUPLICATE_METHOD_MATCH = YES;
				COPY_PHASE_STRIP = YES;
				GCC_C_LANGUAGE_STANDARD = gnu99;
				GCC_WARN_ABOUT_RETURN_TYPE = YES;
				GCC_WARN_UNINITIALIZED_AUTOS = YES;
				GCC_WARN_UNUSED_VARIABLE = YES;
				IPHONEOS_DEPLOYMENT_TARGET = 5.0;
				SDKROOT = iphoneos;
				VALIDATE_PRODUCT = YES;
			};
			name = Release;
		};
		07C970E717C211E200D8AF3B /* Debug */ = {
			isa = XCBuildConfiguration;
			buildSettings = {
				DSTROOT = /tmp/UIWebViewAuthentication.dst;
				GCC_PRECOMPILE_PREFIX_HEADER = YES;
				GCC_PREFIX_HEADER = "UIWebViewAuthentication/UIWebViewAuthentication-Prefix.pch";
				OTHER_LDFLAGS = "-ObjC";
				PRODUCT_NAME = "$(TARGET_NAME)";
				SKIP_INSTALL = YES;
			};
			name = Debug;
		};
		07C970E817C211E200D8AF3B /* Release */ = {
			isa = XCBuildConfiguration;
			buildSettings = {
				DSTROOT = /tmp/UIWebViewAuthentication.dst;
				GCC_PRECOMPILE_PREFIX_HEADER = YES;
				GCC_PREFIX_HEADER = "UIWebViewAuthentication/UIWebViewAuthentication-Prefix.pch";
				OTHER_LDFLAGS = "-ObjC";
				PRODUCT_NAME = "$(TARGET_NAME)";
				SKIP_INSTALL = YES;
			};
			name = Release;
		};
		07C970EA17C211E200D8AF3B /* Debug */ = {
			isa = XCBuildConfiguration;
			buildSettings = {
				FRAMEWORK_SEARCH_PATHS = (
					"\"$(SDKROOT)/Developer/Library/Frameworks\"",
					"\"$(DEVELOPER_LIBRARY_DIR)/Frameworks\"",
				);
				GCC_PRECOMPILE_PREFIX_HEADER = YES;
				GCC_PREFIX_HEADER = "UIWebViewAuthentication/UIWebViewAuthentication-Prefix.pch";
				INFOPLIST_FILE = "UIWebViewAuthenticationTests/UIWebViewAuthenticationTests-Info.plist";
				PRODUCT_NAME = "$(TARGET_NAME)";
				WRAPPER_EXTENSION = octest;
			};
			name = Debug;
		};
		07C970EB17C211E200D8AF3B /* Release */ = {
			isa = XCBuildConfiguration;
			buildSettings = {
				FRAMEWORK_SEARCH_PATHS = (
					"\"$(SDKROOT)/Developer/Library/Frameworks\"",
					"\"$(DEVELOPER_LIBRARY_DIR)/Frameworks\"",
				);
				GCC_PRECOMPILE_PREFIX_HEADER = YES;
				GCC_PREFIX_HEADER = "UIWebViewAuthentication/UIWebViewAuthentication-Prefix.pch";
				INFOPLIST_FILE = "UIWebViewAuthenticationTests/UIWebViewAuthenticationTests-Info.plist";
				PRODUCT_NAME = "$(TARGET_NAME)";
				WRAPPER_EXTENSION = octest;
			};
			name = Release;
		};
		07C9711D17C2162600D8AF3B /* Debug */ = {
			isa = XCBuildConfiguration;
			buildSettings = {
				"CODE_SIGN_IDENTITY[sdk=iphoneos*]" = "iPhone Developer";
				GCC_PRECOMPILE_PREFIX_HEADER = YES;
				GCC_PREFIX_HEADER = "Example/Example-Prefix.pch";
				HEADER_SEARCH_PATHS = "";
				INFOPLIST_FILE = "Example/Example-Info.plist";
				IPHONEOS_DEPLOYMENT_TARGET = 5.0;
				PRODUCT_NAME = "$(TARGET_NAME)";
				USER_HEADER_SEARCH_PATHS = "";
				WRAPPER_EXTENSION = app;
			};
			name = Debug;
		};
		07C9711E17C2162600D8AF3B /* Release */ = {
			isa = XCBuildConfiguration;
			buildSettings = {
				"CODE_SIGN_IDENTITY[sdk=iphoneos*]" = "iPhone Developer";
				GCC_PRECOMPILE_PREFIX_HEADER = YES;
				GCC_PREFIX_HEADER = "Example/Example-Prefix.pch";
				HEADER_SEARCH_PATHS = "";
				INFOPLIST_FILE = "Example/Example-Info.plist";
				IPHONEOS_DEPLOYMENT_TARGET = 5.0;
				OTHER_CFLAGS = "-DNS_BLOCK_ASSERTIONS=1";
				PRODUCT_NAME = "$(TARGET_NAME)";
				USER_HEADER_SEARCH_PATHS = "";
				WRAPPER_EXTENSION = app;
			};
			name = Release;
		};
/* End XCBuildConfiguration section */

/* Begin XCConfigurationList section */
		07C970BC17C211E200D8AF3B /* Build configuration list for PBXProject "UIWebViewAuthentication" */ = {
			isa = XCConfigurationList;
			buildConfigurations = (
				07C970E417C211E200D8AF3B /* Debug */,
				07C970E517C211E200D8AF3B /* Release */,
			);
			defaultConfigurationIsVisible = 0;
			defaultConfigurationName = Release;
		};
		07C970E617C211E200D8AF3B /* Build configuration list for PBXNativeTarget "UIWebViewAuthentication" */ = {
			isa = XCConfigurationList;
			buildConfigurations = (
				07C970E717C211E200D8AF3B /* Debug */,
				07C970E817C211E200D8AF3B /* Release */,
			);
			defaultConfigurationIsVisible = 0;
			defaultConfigurationName = Release;
		};
		07C970E917C211E200D8AF3B /* Build configuration list for PBXNativeTarget "UIWebViewAuthenticationTests" */ = {
			isa = XCConfigurationList;
			buildConfigurations = (
				07C970EA17C211E200D8AF3B /* Debug */,
				07C970EB17C211E200D8AF3B /* Release */,
			);
			defaultConfigurationIsVisible = 0;
			defaultConfigurationName = Release;
		};
		07C9711C17C2162600D8AF3B /* Build configuration list for PBXNativeTarget "Example" */ = {
			isa = XCConfigurationList;
			buildConfigurations = (
				07C9711D17C2162600D8AF3B /* Debug */,
				07C9711E17C2162600D8AF3B /* Release */,
			);
			defaultConfigurationIsVisible = 0;
			defaultConfigurationName = Release;
		};
/* End XCConfigurationList section */
	};
	rootObject = 07C970B917C211E200D8AF3B /* Project object */;
}
